
Microsoft Visual Studio Solution File, Format Version 12.00
# Visual Studio Version 17
VisualStudioVersion = 17.8.34330.188
MinimumVisualStudioVersion = 10.0.40219.1
Project("{9A19103F-16F7-4668-BE54-9A1E7A4F7556}") = "FinancePortal", "FinancePortal\FinancePortal.csproj", "{6570EBAD-4781-408A-AC22-8949C5F84FD7}"
EndProject
Global
	GlobalSection(SolutionConfigurationPlatforms) = preSolution
		Debug|Any CPU = Debug|Any CPU
		Release|Any CPU = Release|Any CPU
	EndGlobalSection
	GlobalSection(ProjectConfigurationPlatforms) = postSolution
		{6570EBAD-4781-408A-AC22-8949C5F84FD7}.Debug|Any CPU.ActiveCfg = Debug|Any CPU
		{6570EBAD-4781-408A-AC22-8949C5F84FD7}.Debug|Any CPU.Build.0 = Debug|Any CPU
		{6570EBAD-4781-408A-AC22-8949C5F84FD7}.Release|Any CPU.ActiveCfg = Release|Any CPU
		{6570EBAD-4781-408A-AC22-8949C5F84FD7}.Release|Any CPU.Build.0 = Release|Any CPU
	EndGlobalSection
	GlobalSection(SolutionProperties) = preSolution
		HideSolutionNode = FALSE
	EndGlobalSection
	GlobalSection(ExtensibilityGlobals) = postSolution
		SolutionGuid = {13F4FF0A-128B-42DC-870D-BC8B7E29DD69}
	EndGlobalSection
EndGlobal
